PODS:
  - Kiwi (2.4.0)
  - TLKeyboardUtil (0.1.0)

DEPENDENCIES:
  - Kiwi
  - TLKeyboardUtil (from `../`)

EXTERNAL SOURCES:
  TLKeyboardUtil:
    :path: ../

SPEC CHECKSUMS:
  Kiwi: f49c9d54b28917df5928fe44968a39ed198cb8a8
  TLKeyboardUtil: 8b1d65862eb4a4c46a78b2c72710b052fba283dd

COCOAPODS: 0.39.0
