PODS:
  - Kiwi (2.4.0)
  - TLKeyboardUtil (0.0.1)

DEPENDENCIES:
  - Kiwi
  - TLKeyboardUtil (from `../`)

EXTERNAL SOURCES:
  TLKeyboardUtil:
    :path: ../

SPEC CHECKSUMS:
  Kiwi: f49c9d54b28917df5928fe44968a39ed198cb8a8
  TLKeyboardUtil: 89bb93b73adde4901c134c0e4825397f0390a52f

COCOAPODS: 0.39.0
